
Microsoft Visual Studio Solution File, Format Version 12.00
# Visual Studio Version 16
VisualStudioVersion = 16.0.32929.386
MinimumVisualStudioVersion = 10.0.40219.1
Project("{FAE04EC0-301F-11D3-BF4B-00C04F79EFBC}") = "test13", "test13\test13.csproj", "{BD95A5FB-478E-4639-988F-24494B1F52EF}"
EndProject
Global
	GlobalSection(SolutionConfigurationPlatforms) = preSolution
		Debug|Any CPU = Debug|Any CPU
		Release|Any CPU = Release|Any CPU
	EndGlobalSection
	GlobalSection(ProjectConfigurationPlatforms) = postSolution
		{BD95A5FB-478E-4639-988F-24494B1F52EF}.Debug|Any CPU.ActiveCfg = Debug|Any CPU
		{BD95A5FB-478E-4639-988F-24494B1F52EF}.Debug|Any CPU.Build.0 = Debug|Any CPU
		{BD95A5FB-478E-4639-988F-24494B1F52EF}.Release|Any CPU.ActiveCfg = Release|Any CPU
		{BD95A5FB-478E-4639-988F-24494B1F52EF}.Release|Any CPU.Build.0 = Release|Any CPU
	EndGlobalSection
	GlobalSection(SolutionProperties) = preSolution
		HideSolutionNode = FALSE
	EndGlobalSection
	GlobalSection(ExtensibilityGlobals) = postSolution
		SolutionGuid = {E0BCC274-CE22-47FD-A069-D408D4C262CA}
	EndGlobalSection
EndGlobal
